
Microsoft Visual Studio Solution File, Format Version 12.00
# Visual Studio 14
VisualStudioVersion = 14.0.25420.1
MinimumVisualStudioVersion = 10.0.40219.1
Project("{2150E333-8FDC-42A3-9474-1A3956D46DE8}") = "Engine", "Engine", "{51FDF31A-0C79-43A7-8B5F-E0E4E5FA030C}"
EndProject
Project("{2150E333-8FDC-42A3-9474-1A3956D46DE8}") = "Games", "Games", "{616F77DE-7DC9-49A1-AB96-EF1CA946FBFF}"
EndProject
Project("{8BC9CEB8-8B4A-11D0-8D11-00A0C91BC942}") = "UE4", "Intermediate\ProjectFiles\UE4.vcxproj", "{97A676CD-6648-4CCF-B151-5EA3EDB14ABD}"
EndProject
Project("{8BC9CEB8-8B4A-11D0-8D11-00A0C91BC942}") = "BuildingEscape", "Intermediate\ProjectFiles\BuildingEscape.vcxproj", "{77A714CD-505C-45B7-BD5D-10EE352B20EB}"
EndProject
Global
	GlobalSection(SolutionConfigurationPlatforms) = preSolution
		DebugGame Editor|Win32 = DebugGame Editor|Win32
		DebugGame Editor|Win64 = DebugGame Editor|Win64
		DebugGame|Win32 = DebugGame|Win32
		DebugGame|Win64 = DebugGame|Win64
		Development Editor|Win32 = Development Editor|Win32
		Development Editor|Win64 = Development Editor|Win64
		Development|Win32 = Development|Win32
		Development|Win64 = Development|Win64
		Shipping|Win32 = Shipping|Win32
		Shipping|Win64 = Shipping|Win64
	EndGlobalSection
	GlobalSection(ProjectConfigurationPlatforms) = postSolution
		{97A676CD-6648-4CCF-B151-5EA3EDB14ABD}.DebugGame Editor|Win32.ActiveCfg = BuiltWithUnrealBuildTool|Win32
		{97A676CD-6648-4CCF-B151-5EA3EDB14ABD}.DebugGame Editor|Win32.Build.0 = BuiltWithUnrealBuildTool|Win32
		{97A676CD-6648-4CCF-B151-5EA3EDB14ABD}.DebugGame Editor|Win64.ActiveCfg = BuiltWithUnrealBuildTool|Win32
		{97A676CD-6648-4CCF-B151-5EA3EDB14ABD}.DebugGame Editor|Win64.Build.0 = BuiltWithUnrealBuildTool|Win32
		{97A676CD-6648-4CCF-B151-5EA3EDB14ABD}.DebugGame|Win32.ActiveCfg = BuiltWithUnrealBuildTool|Win32
		{97A676CD-6648-4CCF-B151-5EA3EDB14ABD}.DebugGame|Win32.Build.0 = BuiltWithUnrealBuildTool|Win32
		{97A676CD-6648-4CCF-B151-5EA3EDB14ABD}.DebugGame|Win64.ActiveCfg = BuiltWithUnrealBuildTool|Win32
		{97A676CD-6648-4CCF-B151-5EA3EDB14ABD}.DebugGame|Win64.Build.0 = BuiltWithUnrealBuildTool|Win32
		{97A676CD-6648-4CCF-B151-5EA3EDB14ABD}.Development Editor|Win32.ActiveCfg = BuiltWithUnrealBuildTool|Win32
		{97A676CD-6648-4CCF-B151-5EA3EDB14ABD}.Development Editor|Win32.Build.0 = BuiltWithUnrealBuildTool|Win32
		{97A676CD-6648-4CCF-B151-5EA3EDB14ABD}.Development Editor|Win64.ActiveCfg = BuiltWithUnrealBuildTool|Win32
		{97A676CD-6648-4CCF-B151-5EA3EDB14ABD}.Development Editor|Win64.Build.0 = BuiltWithUnrealBuildTool|Win32
		{97A676CD-6648-4CCF-B151-5EA3EDB14ABD}.Development|Win32.ActiveCfg = BuiltWithUnrealBuildTool|Win32
		{97A676CD-6648-4CCF-B151-5EA3EDB14ABD}.Development|Win32.Build.0 = BuiltWithUnrealBuildTool|Win32
		{97A676CD-6648-4CCF-B151-5EA3EDB14ABD}.Development|Win64.ActiveCfg = BuiltWithUnrealBuildTool|Win32
		{97A676CD-6648-4CCF-B151-5EA3EDB14ABD}.Development|Win64.Build.0 = BuiltWithUnrealBuildTool|Win32
		{97A676CD-6648-4CCF-B151-5EA3EDB14ABD}.Shipping|Win32.ActiveCfg = BuiltWithUnrealBuildTool|Win32
		{97A676CD-6648-4CCF-B151-5EA3EDB14ABD}.Shipping|Win32.Build.0 = BuiltWithUnrealBuildTool|Win32
		{97A676CD-6648-4CCF-B151-5EA3EDB14ABD}.Shipping|Win64.ActiveCfg = BuiltWithUnrealBuildTool|Win32
		{97A676CD-6648-4CCF-B151-5EA3EDB14ABD}.Shipping|Win64.Build.0 = BuiltWithUnrealBuildTool|Win32
		{77A714CD-505C-45B7-BD5D-10EE352B20EB}.DebugGame Editor|Win32.ActiveCfg = DebugGame_Editor|Win32
		{77A714CD-505C-45B7-BD5D-10EE352B20EB}.DebugGame Editor|Win64.ActiveCfg = DebugGame_Editor|x64
		{77A714CD-505C-45B7-BD5D-10EE352B20EB}.DebugGame Editor|Win64.Build.0 = DebugGame_Editor|x64
		{77A714CD-505C-45B7-BD5D-10EE352B20EB}.DebugGame|Win32.ActiveCfg = DebugGame_Game|Win32
		{77A714CD-505C-45B7-BD5D-10EE352B20EB}.DebugGame|Win32.Build.0 = DebugGame_Game|Win32
		{77A714CD-505C-45B7-BD5D-10EE352B20EB}.DebugGame|Win64.ActiveCfg = DebugGame_Game|x64
		{77A714CD-505C-45B7-BD5D-10EE352B20EB}.DebugGame|Win64.Build.0 = DebugGame_Game|x64
		{77A714CD-505C-45B7-BD5D-10EE352B20EB}.Development Editor|Win32.ActiveCfg = Development_Editor|Win32
		{77A714CD-505C-45B7-BD5D-10EE352B20EB}.Development Editor|Win64.ActiveCfg = Development_Editor|x64
		{77A714CD-505C-45B7-BD5D-10EE352B20EB}.Development Editor|Win64.Build.0 = Development_Editor|x64
		{77A714CD-505C-45B7-BD5D-10EE352B20EB}.Development|Win32.ActiveCfg = Development_Game|Win32
		{77A714CD-505C-45B7-BD5D-10EE352B20EB}.Development|Win32.Build.0 = Development_Game|Win32
		{77A714CD-505C-45B7-BD5D-10EE352B20EB}.Development|Win64.ActiveCfg = Development_Game|x64
		{77A714CD-505C-45B7-BD5D-10EE352B20EB}.Development|Win64.Build.0 = Development_Game|x64
		{77A714CD-505C-45B7-BD5D-10EE352B20EB}.Shipping|Win32.ActiveCfg = Shipping_Game|Win32
		{77A714CD-505C-45B7-BD5D-10EE352B20EB}.Shipping|Win32.Build.0 = Shipping_Game|Win32
		{77A714CD-505C-45B7-BD5D-10EE352B20EB}.Shipping|Win64.ActiveCfg = Shipping_Game|x64
		{77A714CD-505C-45B7-BD5D-10EE352B20EB}.Shipping|Win64.Build.0 = Shipping_Game|x64
	EndGlobalSection
	GlobalSection(SolutionProperties) = preSolution
		HideSolutionNode = FALSE
	EndGlobalSection
	GlobalSection(NestedProjects) = preSolution
		{97A676CD-6648-4CCF-B151-5EA3EDB14ABD} = {51FDF31A-0C79-43A7-8B5F-E0E4E5FA030C}
		{77A714CD-505C-45B7-BD5D-10EE352B20EB} = {616F77DE-7DC9-49A1-AB96-EF1CA946FBFF}
	EndGlobalSection
EndGlobal
