
Microsoft Visual Studio Solution File, Format Version 12.00
# Visual Studio 15
VisualStudioVersion = 15.0.25807.0
MinimumVisualStudioVersion = 10.0.40219.1
Project("{2150E333-8FDC-42A3-9474-1A3956D46DE8}") = "Engine", "Engine", "{265FEDD5-B94C-4CFC-90EB-4A20E3B88B95}"
EndProject
Project("{2150E333-8FDC-42A3-9474-1A3956D46DE8}") = "Games", "Games", "{BDDC278D-26C0-4A2D-9CCA-6691C4EDD9F1}"
EndProject
Project("{8BC9CEB8-8B4A-11D0-8D11-00A0C91BC942}") = "UE4", "Intermediate\ProjectFiles\UE4.vcxproj", "{CDF196CE-518C-439B-80B1-254FBABEB452}"
EndProject
Project("{8BC9CEB8-8B4A-11D0-8D11-00A0C91BC942}") = "BuildingEscape", "Intermediate\ProjectFiles\BuildingEscape.vcxproj", "{3A8FFB19-CBC6-4ABA-9B77-885DC0176951}"
EndProject
Global
	GlobalSection(SolutionConfigurationPlatforms) = preSolution
		DebugGame Editor|HTML5 = DebugGame Editor|HTML5
		DebugGame Editor|Win32 = DebugGame Editor|Win32
		DebugGame Editor|Win64 = DebugGame Editor|Win64
		DebugGame|HTML5 = DebugGame|HTML5
		DebugGame|Win32 = DebugGame|Win32
		DebugGame|Win64 = DebugGame|Win64
		Development Editor|HTML5 = Development Editor|HTML5
		Development Editor|Win32 = Development Editor|Win32
		Development Editor|Win64 = Development Editor|Win64
		Development|HTML5 = Development|HTML5
		Development|Win32 = Development|Win32
		Development|Win64 = Development|Win64
		Shipping|HTML5 = Shipping|HTML5
		Shipping|Win32 = Shipping|Win32
		Shipping|Win64 = Shipping|Win64
	EndGlobalSection
	GlobalSection(ProjectConfigurationPlatforms) = postSolution
		{CDF196CE-518C-439B-80B1-254FBABEB452}.DebugGame Editor|HTML5.ActiveCfg = BuiltWithUnrealBuildTool|Win32
		{CDF196CE-518C-439B-80B1-254FBABEB452}.DebugGame Editor|HTML5.Build.0 = BuiltWithUnrealBuildTool|Win32
		{CDF196CE-518C-439B-80B1-254FBABEB452}.DebugGame Editor|Win32.ActiveCfg = BuiltWithUnrealBuildTool|Win32
		{CDF196CE-518C-439B-80B1-254FBABEB452}.DebugGame Editor|Win32.Build.0 = BuiltWithUnrealBuildTool|Win32
		{CDF196CE-518C-439B-80B1-254FBABEB452}.DebugGame Editor|Win64.ActiveCfg = BuiltWithUnrealBuildTool|Win32
		{CDF196CE-518C-439B-80B1-254FBABEB452}.DebugGame Editor|Win64.Build.0 = BuiltWithUnrealBuildTool|Win32
		{CDF196CE-518C-439B-80B1-254FBABEB452}.DebugGame|HTML5.ActiveCfg = BuiltWithUnrealBuildTool|Win32
		{CDF196CE-518C-439B-80B1-254FBABEB452}.DebugGame|HTML5.Build.0 = BuiltWithUnrealBuildTool|Win32
		{CDF196CE-518C-439B-80B1-254FBABEB452}.DebugGame|Win32.ActiveCfg = BuiltWithUnrealBuildTool|Win32
		{CDF196CE-518C-439B-80B1-254FBABEB452}.DebugGame|Win32.Build.0 = BuiltWithUnrealBuildTool|Win32
		{CDF196CE-518C-439B-80B1-254FBABEB452}.DebugGame|Win64.ActiveCfg = BuiltWithUnrealBuildTool|Win32
		{CDF196CE-518C-439B-80B1-254FBABEB452}.DebugGame|Win64.Build.0 = BuiltWithUnrealBuildTool|Win32
		{CDF196CE-518C-439B-80B1-254FBABEB452}.Development Editor|HTML5.ActiveCfg = BuiltWithUnrealBuildTool|Win32
		{CDF196CE-518C-439B-80B1-254FBABEB452}.Development Editor|HTML5.Build.0 = BuiltWithUnrealBuildTool|Win32
		{CDF196CE-518C-439B-80B1-254FBABEB452}.Development Editor|Win32.ActiveCfg = BuiltWithUnrealBuildTool|Win32
		{CDF196CE-518C-439B-80B1-254FBABEB452}.Development Editor|Win32.Build.0 = BuiltWithUnrealBuildTool|Win32
		{CDF196CE-518C-439B-80B1-254FBABEB452}.Development Editor|Win64.ActiveCfg = BuiltWithUnrealBuildTool|Win32
		{CDF196CE-518C-439B-80B1-254FBABEB452}.Development Editor|Win64.Build.0 = BuiltWithUnrealBuildTool|Win32
		{CDF196CE-518C-439B-80B1-254FBABEB452}.Development|HTML5.ActiveCfg = BuiltWithUnrealBuildTool|Win32
		{CDF196CE-518C-439B-80B1-254FBABEB452}.Development|HTML5.Build.0 = BuiltWithUnrealBuildTool|Win32
		{CDF196CE-518C-439B-80B1-254FBABEB452}.Development|Win32.ActiveCfg = BuiltWithUnrealBuildTool|Win32
		{CDF196CE-518C-439B-80B1-254FBABEB452}.Development|Win32.Build.0 = BuiltWithUnrealBuildTool|Win32
		{CDF196CE-518C-439B-80B1-254FBABEB452}.Development|Win64.ActiveCfg = BuiltWithUnrealBuildTool|Win32
		{CDF196CE-518C-439B-80B1-254FBABEB452}.Development|Win64.Build.0 = BuiltWithUnrealBuildTool|Win32
		{CDF196CE-518C-439B-80B1-254FBABEB452}.Shipping|HTML5.ActiveCfg = BuiltWithUnrealBuildTool|Win32
		{CDF196CE-518C-439B-80B1-254FBABEB452}.Shipping|HTML5.Build.0 = BuiltWithUnrealBuildTool|Win32
		{CDF196CE-518C-439B-80B1-254FBABEB452}.Shipping|Win32.ActiveCfg = BuiltWithUnrealBuildTool|Win32
		{CDF196CE-518C-439B-80B1-254FBABEB452}.Shipping|Win32.Build.0 = BuiltWithUnrealBuildTool|Win32
		{CDF196CE-518C-439B-80B1-254FBABEB452}.Shipping|Win64.ActiveCfg = BuiltWithUnrealBuildTool|Win32
		{CDF196CE-518C-439B-80B1-254FBABEB452}.Shipping|Win64.Build.0 = BuiltWithUnrealBuildTool|Win32
		{3A8FFB19-CBC6-4ABA-9B77-885DC0176951}.DebugGame Editor|HTML5.ActiveCfg = HTML5_DebugGame_Editor|Win32
		{3A8FFB19-CBC6-4ABA-9B77-885DC0176951}.DebugGame Editor|Win32.ActiveCfg = DebugGame_Editor|Win32
		{3A8FFB19-CBC6-4ABA-9B77-885DC0176951}.DebugGame Editor|Win64.ActiveCfg = DebugGame_Editor|x64
		{3A8FFB19-CBC6-4ABA-9B77-885DC0176951}.DebugGame Editor|Win64.Build.0 = DebugGame_Editor|x64
		{3A8FFB19-CBC6-4ABA-9B77-885DC0176951}.DebugGame|HTML5.ActiveCfg = HTML5_DebugGame_Game|Win32
		{3A8FFB19-CBC6-4ABA-9B77-885DC0176951}.DebugGame|HTML5.Build.0 = HTML5_DebugGame_Game|Win32
		{3A8FFB19-CBC6-4ABA-9B77-885DC0176951}.DebugGame|Win32.ActiveCfg = DebugGame_Game|Win32
		{3A8FFB19-CBC6-4ABA-9B77-885DC0176951}.DebugGame|Win32.Build.0 = DebugGame_Game|Win32
		{3A8FFB19-CBC6-4ABA-9B77-885DC0176951}.DebugGame|Win64.ActiveCfg = DebugGame_Game|x64
		{3A8FFB19-CBC6-4ABA-9B77-885DC0176951}.DebugGame|Win64.Build.0 = DebugGame_Game|x64
		{3A8FFB19-CBC6-4ABA-9B77-885DC0176951}.Development Editor|HTML5.ActiveCfg = HTML5_Development_Editor|Win32
		{3A8FFB19-CBC6-4ABA-9B77-885DC0176951}.Development Editor|Win32.ActiveCfg = Development_Editor|Win32
		{3A8FFB19-CBC6-4ABA-9B77-885DC0176951}.Development Editor|Win64.ActiveCfg = Development_Editor|x64
		{3A8FFB19-CBC6-4ABA-9B77-885DC0176951}.Development Editor|Win64.Build.0 = Development_Editor|x64
		{3A8FFB19-CBC6-4ABA-9B77-885DC0176951}.Development|HTML5.ActiveCfg = HTML5_Development_Game|Win32
		{3A8FFB19-CBC6-4ABA-9B77-885DC0176951}.Development|HTML5.Build.0 = HTML5_Development_Game|Win32
		{3A8FFB19-CBC6-4ABA-9B77-885DC0176951}.Development|Win32.ActiveCfg = Development_Game|Win32
		{3A8FFB19-CBC6-4ABA-9B77-885DC0176951}.Development|Win32.Build.0 = Development_Game|Win32
		{3A8FFB19-CBC6-4ABA-9B77-885DC0176951}.Development|Win64.ActiveCfg = Development_Game|x64
		{3A8FFB19-CBC6-4ABA-9B77-885DC0176951}.Development|Win64.Build.0 = Development_Game|x64
		{3A8FFB19-CBC6-4ABA-9B77-885DC0176951}.Shipping|HTML5.ActiveCfg = HTML5_Shipping_Game|Win32
		{3A8FFB19-CBC6-4ABA-9B77-885DC0176951}.Shipping|HTML5.Build.0 = HTML5_Shipping_Game|Win32
		{3A8FFB19-CBC6-4ABA-9B77-885DC0176951}.Shipping|Win32.ActiveCfg = Shipping_Game|Win32
		{3A8FFB19-CBC6-4ABA-9B77-885DC0176951}.Shipping|Win32.Build.0 = Shipping_Game|Win32
		{3A8FFB19-CBC6-4ABA-9B77-885DC0176951}.Shipping|Win64.ActiveCfg = Shipping_Game|x64
		{3A8FFB19-CBC6-4ABA-9B77-885DC0176951}.Shipping|Win64.Build.0 = Shipping_Game|x64
	EndGlobalSection
	GlobalSection(SolutionProperties) = preSolution
		HideSolutionNode = FALSE
	EndGlobalSection
	GlobalSection(NestedProjects) = preSolution
		{CDF196CE-518C-439B-80B1-254FBABEB452} = {265FEDD5-B94C-4CFC-90EB-4A20E3B88B95}
		{3A8FFB19-CBC6-4ABA-9B77-885DC0176951} = {BDDC278D-26C0-4A2D-9CCA-6691C4EDD9F1}
	EndGlobalSection
	GlobalSection(ExtensibilityGlobals) = postSolution
		SolutionGuid = {A2584FC6-13A6-400C-87A9-3C738965CC0D}
	EndGlobalSection
EndGlobal
